{
  "nodes": {
    "dSFMTSource": {
      "flake": false,
      "locked": {
        "lastModified": 1604967407,
        "narHash": "sha256-ziQgCyHl1LWT2s4t/9jLfWkS/7ndWnF9KmYM6/x3a/c=",
        "owner": "MersenneTwister-Lab",
        "repo": "dSFMT",
        "rev": "6929b76f2ab07e6302f8daece28045d5bec6ff5c",
        "type": "github"
      },
      "original": {
        "owner": "MersenneTwister-Lab",
        "repo": "dSFMT",
        "type": "github"
      }
    },
    "nixpkgs": {
      "locked": {
        "lastModified": 1710750726,
        "narHash": "sha256-JfFeUTIuO4k/oEZ/AJYaD3XeVobbP3HKdpKK935yyNo=",
        "owner": "dpaetzel",
        "repo": "nixpkgs",
        "rev": "212e8fcb09f3ea353e79698eeb5f96e166a599dd",
        "type": "github"
      },
      "original": {
        "owner": "dpaetzel",
        "ref": "dpaetzel/nixos-config",
        "repo": "nixpkgs",
        "type": "github"
      }
    },
    "root": {
      "inputs": {
        "dSFMTSource": "dSFMTSource",
        "nixpkgs": "nixpkgs"
      }
    }
  },
  "root": "root",
  "version": 7
}
